// !$*UTF8*$!
{
	archiveVersion = 1;
	classes = {
	};
	objectVersion = 55;
	objects = {

/* Begin PBXBuildFile section */
		3F01B3B427C18D9400D1C6FD /* ScrumdingerApp.swift in Sources */ = {isa = PBXBuildFile; fileRef = 3F01B3B327C18D9400D1C6FD /* ScrumdingerApp.swift */; };
		3F01B3B627C18D9400D1C6FD /* MeetingView.swift in Sources */ = {isa = PBXBuildFile; fileRef = 3F01B3B527C18D9400D1C6FD /* MeetingView.swift */; };
		3F01B3B827C18D9400D1C6FD /* Assets.xcassets in Resources */ = {isa = PBXBuildFile; fileRef = 3F01B3B727C18D9400D1C6FD /* Assets.xcassets */; };
		3F01B3BB27C18D9400D1C6FD /* Preview Assets.xcassets in Resources */ = {isa = PBXBuildFile; fileRef = 3F01B3BA27C18D9400D1C6FD /* Preview Assets.xcassets */; };
		3F01B3C327C1E3C300D1C6FD /* Theme.swift in Sources */ = {isa = PBXBuildFile; fileRef = 3F01B3C227C1E3C300D1C6FD /* Theme.swift */; };
		3F01B3C527C1E53800D1C6FD /* DailyScrum.swift in Sources */ = {isa = PBXBuildFile; fileRef = 3F01B3C427C1E53800D1C6FD /* DailyScrum.swift */; };
		3F01B3C927C1E99F00D1C6FD /* CardView.swift in Sources */ = {isa = PBXBuildFile; fileRef = 3F01B3C827C1E99F00D1C6FD /* CardView.swift */; };
		3F01B3CB27C1F31500D1C6FD /* TrailingIconLabelStyle.swift in Sources */ = {isa = PBXBuildFile; fileRef = 3F01B3CA27C1F31500D1C6FD /* TrailingIconLabelStyle.swift */; };
		3F01B3CD27C20C2300D1C6FD /* ScrumView.swift in Sources */ = {isa = PBXBuildFile; fileRef = 3F01B3CC27C20C2300D1C6FD /* ScrumView.swift */; };
		3F01B3CF27C2428800D1C6FD /* DetailView.swift in Sources */ = {isa = PBXBuildFile; fileRef = 3F01B3CE27C2428800D1C6FD /* DetailView.swift */; };
		3F01B3D127C27EA700D1C6FD /* DetailEditView.swift in Sources */ = {isa = PBXBuildFile; fileRef = 3F01B3D027C27EA700D1C6FD /* DetailEditView.swift */; };
		3F6FB45B27D3B24A00C895C4 /* ThemePicker.swift in Sources */ = {isa = PBXBuildFile; fileRef = 3F6FB45A27D3B24A00C895C4 /* ThemePicker.swift */; };
/* End PBXBuildFile section */

/* Begin PBXFileReference section */
		3F01B3B027C18D9400D1C6FD /* Scrumdinger.app */ = {isa = PBXFileReference; explicitFileType = wrapper.application; includeInIndex = 0; path = Scrumdinger.app; sourceTree = BUILT_PRODUCTS_DIR; };
		3F01B3B327C18D9400D1C6FD /* ScrumdingerApp.swift */ = {isa = PBXFileReference; lastKnownFileType = sourcecode.swift; path = ScrumdingerApp.swift; sourceTree = "<group>"; };
		3F01B3B527C18D9400D1C6FD /* MeetingView.swift */ = {isa = PBXFileReference; lastKnownFileType = sourcecode.swift; path = MeetingView.swift; sourceTree = "<group>"; };
		3F01B3B727C18D9400D1C6FD /* Assets.xcassets */ = {isa = PBXFileReference; lastKnownFileType = folder.assetcatalog; path = Assets.xcassets; sourceTree = "<group>"; };
		3F01B3BA27C18D9400D1C6FD /* Preview Assets.xcassets */ = {isa = PBXFileReference; lastKnownFileType = folder.assetcatalog; path = "Preview Assets.xcassets"; sourceTree = "<group>"; };
		3F01B3C227C1E3C300D1C6FD /* Theme.swift */ = {isa = PBXFileReference; lastKnownFileType = sourcecode.swift; path = Theme.swift; sourceTree = "<group>"; };
		3F01B3C427C1E53800D1C6FD /* DailyScrum.swift */ = {isa = PBXFileReference; lastKnownFileType = sourcecode.swift; path = DailyScrum.swift; sourceTree = "<group>"; };
		3F01B3C827C1E99F00D1C6FD /* CardView.swift */ = {isa = PBXFileReference; lastKnownFileType = sourcecode.swift; path = CardView.swift; sourceTree = "<group>"; };
		3F01B3CA27C1F31500D1C6FD /* TrailingIconLabelStyle.swift */ = {isa = PBXFileReference; lastKnownFileType = sourcecode.swift; path = TrailingIconLabelStyle.swift; sourceTree = "<group>"; };
		3F01B3CC27C20C2300D1C6FD /* ScrumView.swift */ = {isa = PBXFileReference; lastKnownFileType = sourcecode.swift; path = ScrumView.swift; sourceTree = "<group>"; };
		3F01B3CE27C2428800D1C6FD /* DetailView.swift */ = {isa = PBXFileReference; lastKnownFileType = sourcecode.swift; path = DetailView.swift; sourceTree = "<group>"; };
		3F01B3D027C27EA700D1C6FD /* DetailEditView.swift */ = {isa = PBXFileReference; lastKnownFileType = sourcecode.swift; path = DetailEditView.swift; sourceTree = "<group>"; };
		3F6FB45A27D3B24A00C895C4 /* ThemePicker.swift */ = {isa = PBXFileReference; lastKnownFileType = sourcecode.swift; path = ThemePicker.swift; sourceTree = "<group>"; };
/* End PBXFileReference section */

/* Begin PBXFrameworksBuildPhase section */
		3F01B3AD27C18D9400D1C6FD /* Frameworks */ = {
			isa = PBXFrameworksBuildPhase;
			buildActionMask = 2147483647;
			files = (
			);
			runOnlyForDeploymentPostprocessing = 0;
		};
/* End PBXFrameworksBuildPhase section */

/* Begin PBXGroup section */
		3F01B3A727C18D9400D1C6FD = {
			isa = PBXGroup;
			children = (
				3F01B3B227C18D9400D1C6FD /* Scrumdinger */,
				3F01B3B127C18D9400D1C6FD /* Products */,
			);
			sourceTree = "<group>";
		};
		3F01B3B127C18D9400D1C6FD /* Products */ = {
			isa = PBXGroup;
			children = (
				3F01B3B027C18D9400D1C6FD /* Scrumdinger.app */,
			);
			name = Products;
			sourceTree = "<group>";
		};
		3F01B3B227C18D9400D1C6FD /* Scrumdinger */ = {
			isa = PBXGroup;
			children = (
				3F01B3C127C1DFEB00D1C6FD /* Model */,
				3F01B3B327C18D9400D1C6FD /* ScrumdingerApp.swift */,
				3F01B3B527C18D9400D1C6FD /* MeetingView.swift */,
				3F01B3B727C18D9400D1C6FD /* Assets.xcassets */,
				3F01B3B927C18D9400D1C6FD /* Preview Content */,
				3F01B3C827C1E99F00D1C6FD /* CardView.swift */,
				3F01B3CA27C1F31500D1C6FD /* TrailingIconLabelStyle.swift */,
				3F01B3CC27C20C2300D1C6FD /* ScrumView.swift */,
				3F01B3CE27C2428800D1C6FD /* DetailView.swift */,
				3F01B3D027C27EA700D1C6FD /* DetailEditView.swift */,
				3F6FB45A27D3B24A00C895C4 /* ThemePicker.swift */,
			);
			path = Scrumdinger;
			sourceTree = "<group>";
		};
		3F01B3B927C18D9400D1C6FD /* Preview Content */ = {
			isa = PBXGroup;
			children = (
				3F01B3BA27C18D9400D1C6FD /* Preview Assets.xcassets */,
			);
			path = "Preview Content";
			sourceTree = "<group>";
		};
		3F01B3C127C1DFEB00D1C6FD /* Model */ = {
			isa = PBXGroup;
			children = (
				3F01B3C227C1E3C300D1C6FD /* Theme.swift */,
				3F01B3C427C1E53800D1C6FD /* DailyScrum.swift */,
			);
			path = Model;
			sourceTree = "<group>";
		};
/* End PBXGroup section */

/* Begin PBXNativeTarget section */
		3F01B3AF27C18D9400D1C6FD /* Scrumdinger */ = {
			isa = PBXNativeTarget;
			buildConfigurationList = 3F01B3BE27C18D9400D1C6FD /* Build configuration list for PBXNativeTarget "Scrumdinger" */;
			buildPhases = (
				3F01B3AC27C18D9400D1C6FD /* Sources */,
				3F01B3AD27C18D9400D1C6FD /* Frameworks */,
				3F01B3AE27C18D9400D1C6FD /* Resources */,
			);
			buildRules = (
			);
			dependencies = (
			);
			name = Scrumdinger;
			productName = Scrumdinger;
			productReference = 3F01B3B027C18D9400D1C6FD /* Scrumdinger.app */;
			productType = "com.apple.product-type.application";
		};
/* End PBXNativeTarget section */

/* Begin PBXProject section */
		3F01B3A827C18D9400D1C6FD /* Project object */ = {
			isa = PBXProject;
			attributes = {
				BuildIndependentTargetsInParallel = 1;
				LastSwiftUpdateCheck = 1320;
				LastUpgradeCheck = 1320;
				TargetAttributes = {
					3F01B3AF27C18D9400D1C6FD = {
						CreatedOnToolsVersion = 13.2.1;
					};
				};
			};
			buildConfigurationList = 3F01B3AB27C18D9400D1C6FD /* Build configuration list for PBXProject "Scrumdinger" */;
			compatibilityVersion = "Xcode 13.0";
			developmentRegion = en;
			hasScannedForEncodings = 0;
			knownRegions = (
				en,
				Base,
			);
			mainGroup = 3F01B3A727C18D9400D1C6FD;
			productRefGroup = 3F01B3B127C18D9400D1C6FD /* Products */;
			projectDirPath = "";
			projectRoot = "";
			targets = (
				3F01B3AF27C18D9400D1C6FD /* Scrumdinger */,
			);
		};
/* End PBXProject section */

/* Begin PBXResourcesBuildPhase section */
		3F01B3AE27C18D9400D1C6FD /* Resources */ = {
			isa = PBXResourcesBuildPhase;
			buildActionMask = 2147483647;
			files = (
				3F01B3BB27C18D9400D1C6FD /* Preview Assets.xcassets in Resources */,
				3F01B3B827C18D9400D1C6FD /* Assets.xcassets in Resources */,
			);
			runOnlyForDeploymentPostprocessing = 0;
		};
/* End PBXResourcesBuildPhase section */

/* Begin PBXSourcesBuildPhase section */
		3F01B3AC27C18D9400D1C6FD /* Sources */ = {
			isa = PBXSourcesBuildPhase;
			buildActionMask = 2147483647;
			files = (
				3F01B3C527C1E53800D1C6FD /* DailyScrum.swift in Sources */,
				3F01B3CF27C2428800D1C6FD /* DetailView.swift in Sources */,
				3F01B3D127C27EA700D1C6FD /* DetailEditView.swift in Sources */,
				3F01B3CD27C20C2300D1C6FD /* ScrumView.swift in Sources */,
				3F01B3CB27C1F31500D1C6FD /* TrailingIconLabelStyle.swift in Sources */,
				3F01B3C327C1E3C300D1C6FD /* Theme.swift in Sources */,
				3F01B3B627C18D9400D1C6FD /* MeetingView.swift in Sources */,
				3F01B3B427C18D9400D1C6FD /* ScrumdingerApp.swift in Sources */,
				3F6FB45B27D3B24A00C895C4 /* ThemePicker.swift in Sources */,
				3F01B3C927C1E99F00D1C6FD /* CardView.swift in Sources */,
			);
			runOnlyForDeploymentPostprocessing = 0;
		};
/* End PBXSourcesBuildPhase section */

/* Begin XCBuildConfiguration section */
		3F01B3BC27C18D9400D1C6FD /* Debug */ = {
			isa = XCBuildConfiguration;
			buildSettings = {
				ALWAYS_SEARCH_USER_PATHS = NO;
				CLANG_ANALYZER_NONNULL = YES;
				CLANG_ANALYZER_NUMBER_OBJECT_CONVERSION = YES_AGGRESSIVE;
				CLANG_CXX_LANGUAGE_STANDARD = "gnu++17";
				CLANG_CXX_LIBRARY = "libc++";
				CLANG_ENABLE_MODULES = YES;
				CLANG_ENABLE_OBJC_ARC = YES;
				CLANG_ENABLE_OBJC_WEAK = YES;
				CLANG_WARN_BLOCK_CAPTURE_AUTORELEASING = YES;
				CLANG_WARN_BOOL_CONVERSION = YES;
				CLANG_WARN_COMMA = YES;
				CLANG_WARN_CONSTANT_CONVERSION = YES;
				CLANG_WARN_DEPRECATED_OBJC_IMPLEMENTATIONS = YES;
				CLANG_WARN_DIRECT_OBJC_ISA_USAGE = YES_ERROR;
				CLANG_WARN_DOCUMENTATION_COMMENTS = YES;
				CLANG_WARN_EMPTY_BODY = YES;
				CLANG_WARN_ENUM_CONVERSION = YES;
				CLANG_WARN_INFINITE_RECURSION = YES;
				CLANG_WARN_INT_CONVERSION = YES;
				CLANG_WARN_NON_LITERAL_NULL_CONVERSION = YES;
				CLANG_WARN_OBJC_IMPLICIT_RETAIN_SELF = YES;
				CLANG_WARN_OBJC_LITERAL_CONVERSION = YES;
				CLANG_WARN_OBJC_ROOT_CLASS = YES_ERROR;
				CLANG_WARN_QUOTED_INCLUDE_IN_FRAMEWORK_HEADER = YES;
				CLANG_WARN_RANGE_LOOP_ANALYSIS = YES;
				CLANG_WARN_STRICT_PROTOTYPES = YES;
				CLANG_WARN_SUSPICIOUS_MOVE = YES;
				CLANG_WARN_UNGUARDED_AVAILABILITY = YES_AGGRESSIVE;
				CLANG_WARN_UNREACHABLE_CODE = YES;
				CLANG_WARN__DUPLICATE_METHOD_MATCH = YES;
				COPY_PHASE_STRIP = NO;
				DEBUG_INFORMATION_FORMAT = dwarf;
				ENABLE_STRICT_OBJC_MSGSEND = YES;
				ENABLE_TESTABILITY = YES;
				GCC_C_LANGUAGE_STANDARD = gnu11;
				GCC_DYNAMIC_NO_PIC = NO;
				GCC_NO_COMMON_BLOCKS = YES;
				GCC_OPTIMIZATION_LEVEL = 0;
				GCC_PREPROCESSOR_DEFINITIONS = (
					"DEBUG=1",
					"$(inherited)",
				);
				GCC_WARN_64_TO_32_BIT_CONVERSION = YES;
				GCC_WARN_ABOUT_RETURN_TYPE = YES_ERROR;
				GCC_WARN_UNDECLARED_SELECTOR = YES;
				GCC_WARN_UNINITIALIZED_AUTOS = YES_AGGRESSIVE;
				GCC_WARN_UNUSED_FUNCTION = YES;
				GCC_WARN_UNUSED_VARIABLE = YES;
				IPHONEOS_DEPLOYMENT_TARGET = 15.2;
				MTL_ENABLE_DEBUG_INFO = INCLUDE_SOURCE;
				MTL_FAST_MATH = YES;
				ONLY_ACTIVE_ARCH = YES;
				SDKROOT = iphoneos;
				SWIFT_ACTIVE_COMPILATION_CONDITIONS = DEBUG;
				SWIFT_OPTIMIZATION_LEVEL = "-Onone";
			};
			name = Debug;
		};
		3F01B3BD27C18D9400D1C6FD /* Release */ = {
			isa = XCBuildConfiguration;
			buildSettings = {
				ALWAYS_SEARCH_USER_PATHS = NO;
				CLANG_ANALYZER_NONNULL = YES;
				CLANG_ANALYZER_NUMBER_OBJECT_CONVERSION = YES_AGGRESSIVE;
				CLANG_CXX_LANGUAGE_STANDARD = "gnu++17";
				CLANG_CXX_LIBRARY = "libc++";
				CLANG_ENABLE_MODULES = YES;
				CLANG_ENABLE_OBJC_ARC = YES;
				CLANG_ENABLE_OBJC_WEAK = YES;
				CLANG_WARN_BLOCK_CAPTURE_AUTORELEASING = YES;
				CLANG_WARN_BOOL_CONVERSION = YES;
				CLANG_WARN_COMMA = YES;
				CLANG_WARN_CONSTANT_CONVERSION = YES;
				CLANG_WARN_DEPRECATED_OBJC_IMPLEMENTATIONS = YES;
				CLANG_WARN_DIRECT_OBJC_ISA_USAGE = YES_ERROR;
				CLANG_WARN_DOCUMENTATION_COMMENTS = YES;
				CLANG_WARN_EMPTY_BODY = YES;
				CLANG_WARN_ENUM_CONVERSION = YES;
				CLANG_WARN_INFINITE_RECURSION = YES;
				CLANG_WARN_INT_CONVERSION = YES;
				CLANG_WARN_NON_LITERAL_NULL_CONVERSION = YES;
				CLANG_WARN_OBJC_IMPLICIT_RETAIN_SELF = YES;
				CLANG_WARN_OBJC_LITERAL_CONVERSION = YES;
				CLANG_WARN_OBJC_ROOT_CLASS = YES_ERROR;
				CLANG_WARN_QUOTED_INCLUDE_IN_FRAMEWORK_HEADER = YES;
				CLANG_WARN_RANGE_LOOP_ANALYSIS = YES;
				CLANG_WARN_STRICT_PROTOTYPES = YES;
				CLANG_WARN_SUSPICIOUS_MOVE = YES;
				CLANG_WARN_UNGUARDED_AVAILABILITY = YES_AGGRESSIVE;
				CLANG_WARN_UNREACHABLE_CODE = YES;
				CLANG_WARN__DUPLICATE_METHOD_MATCH = YES;
				COPY_PHASE_STRIP = NO;
				DEBUG_INFORMATION_FORMAT = "dwarf-with-dsym";
				ENABLE_NS_ASSERTIONS = NO;
				ENABLE_STRICT_OBJC_MSGSEND = YES;
				GCC_C_LANGUAGE_STANDARD = gnu11;
				GCC_NO_COMMON_BLOCKS = YES;
				GCC_WARN_64_TO_32_BIT_CONVERSION = YES;
				GCC_WARN_ABOUT_RETURN_TYPE = YES_ERROR;
				GCC_WARN_UNDECLARED_SELECTOR = YES;
				GCC_WARN_UNINITIALIZED_AUTOS = YES_AGGRESSIVE;
				GCC_WARN_UNUSED_FUNCTION = YES;
				GCC_WARN_UNUSED_VARIABLE = YES;
				IPHONEOS_DEPLOYMENT_TARGET = 15.2;
				MTL_ENABLE_DEBUG_INFO = NO;
				MTL_FAST_MATH = YES;
				SDKROOT = iphoneos;
				SWIFT_COMPILATION_MODE = wholemodule;
				SWIFT_OPTIMIZATION_LEVEL = "-O";
				VALIDATE_PRODUCT = YES;
			};
			name = Release;
		};
		3F01B3BF27C18D9400D1C6FD /* Debug */ = {
			isa = XCBuildConfiguration;
			buildSettings = {
				ASSETCATALOG_COMPILER_APPICON_NAME = AppIcon;
				ASSETCATALOG_COMPILER_GLOBAL_ACCENT_COLOR_NAME = AccentColor;
				CODE_SIGN_STYLE = Automatic;
				CURRENT_PROJECT_VERSION = 1;
				DEVELOPMENT_ASSET_PATHS = "\"Scrumdinger/Preview Content\"";
				DEVELOPMENT_TEAM = HDD4233TT3;
				ENABLE_PREVIEWS = YES;
				GENERATE_INFOPLIST_FILE = YES;
				INFOPLIST_KEY_UIApplicationSceneManifest_Generation = YES;
				INFOPLIST_KEY_UIApplicationSupportsIndirectInputEvents = YES;
				INFOPLIST_KEY_UILaunchScreen_Generation = YES;
				INFOPLIST_KEY_UISupportedInterfaceOrientations_iPad = "UIInterfaceOrientationPortrait UIInterfaceOrientationPortraitUpsideDown UIInterfaceOrientationLandscapeLeft UIInterfaceOrientationLandscapeRight";
				INFOPLIST_KEY_UISupportedInterfaceOrientations_iPhone = "UIInterfaceOrientationPortrait UIInterfaceOrientationLandscapeLeft UIInterfaceOrientationLandscapeRight";
				LD_RUNPATH_SEARCH_PATHS = (
					"$(inherited)",
					"@executable_path/Frameworks",
				);
				MARKETING_VERSION = 1.0;
				PRODUCT_BUNDLE_IDENTIFIER = com.preateekgarage.Scrumdinger;
				PRODUCT_NAME = "$(TARGET_NAME)";
				SWIFT_EMIT_LOC_STRINGS = YES;
				SWIFT_VERSION = 5.0;
				TARGETED_DEVICE_FAMILY = "1,2";
			};
			name = Debug;
		};
		3F01B3C027C18D9400D1C6FD /* Release */ = {
			isa = XCBuildConfiguration;
			buildSettings = {
				ASSETCATALOG_COMPILER_APPICON_NAME = AppIcon;
				ASSETCATALOG_COMPILER_GLOBAL_ACCENT_COLOR_NAME = AccentColor;
				CODE_SIGN_STYLE = Automatic;
				CURRENT_PROJECT_VERSION = 1;
				DEVELOPMENT_ASSET_PATHS = "\"Scrumdinger/Preview Content\"";
				DEVELOPMENT_TEAM = HDD4233TT3;
				ENABLE_PREVIEWS = YES;
				GENERATE_INFOPLIST_FILE = YES;
				INFOPLIST_KEY_UIApplicationSceneManifest_Generation = YES;
				INFOPLIST_KEY_UIApplicationSupportsIndirectInputEvents = YES;
				INFOPLIST_KEY_UILaunchScreen_Generation = YES;
				INFOPLIST_KEY_UISupportedInterfaceOrientations_iPad = "UIInterfaceOrientationPortrait UIInterfaceOrientationPortraitUpsideDown UIInterfaceOrientationLandscapeLeft UIInterfaceOrientationLandscapeRight";
				INFOPLIST_KEY_UISupportedInterfaceOrientations_iPhone = "UIInterfaceOrientationPortrait UIInterfaceOrientationLandscapeLeft UIInterfaceOrientationLandscapeRight";
				LD_RUNPATH_SEARCH_PATHS = (
					"$(inherited)",
					"@executable_path/Frameworks",
				);
				MARKETING_VERSION = 1.0;
				PRODUCT_BUNDLE_IDENTIFIER = com.preateekgarage.Scrumdinger;
				PRODUCT_NAME = "$(TARGET_NAME)";
				SWIFT_EMIT_LOC_STRINGS = YES;
				SWIFT_VERSION = 5.0;
				TARGETED_DEVICE_FAMILY = "1,2";
			};
			name = Release;
		};
/* End XCBuildConfiguration section */

/* Begin XCConfigurationList section */
		3F01B3AB27C18D9400D1C6FD /* Build configuration list for PBXProject "Scrumdinger" */ = {
			isa = XCConfigurationList;
			buildConfigurations = (
				3F01B3BC27C18D9400D1C6FD /* Debug */,
				3F01B3BD27C18D9400D1C6FD /* Release */,
			);
			defaultConfigurationIsVisible = 0;
			defaultConfigurationName = Release;
		};
		3F01B3BE27C18D9400D1C6FD /* Build configuration list for PBXNativeTarget "Scrumdinger" */ = {
			isa = XCConfigurationList;
			buildConfigurations = (
				3F01B3BF27C18D9400D1C6FD /* Debug */,
				3F01B3C027C18D9400D1C6FD /* Release */,
			);
			defaultConfigurationIsVisible = 0;
			defaultConfigurationName = Release;
		};
/* End XCConfigurationList section */
	};
	rootObject = 3F01B3A827C18D9400D1C6FD /* Project object */;
}
